# This file is generated by running "yarn install" inside your project.
# Manual changes might be lost - proceed with caution!

__metadata:
  version: 8
  cacheKey: 10c0

"@digitaldefiance/ecies-lib@npm:4.2.7":
  version: 4.2.7
  resolution: "@digitaldefiance/ecies-lib@npm:4.2.7"
  dependencies:
    "@digitaldefiance/i18n-lib": "npm:3.7.5"
    "@ethereumjs/wallet": "npm:^10.0.0"
    "@noble/curves": "npm:^2.0.1"
    "@noble/hashes": "npm:^2.0.1"
    "@scure/bip32": "npm:^2.0.0"
    bson: "npm:^6.10.4"
    ts-brand: "npm:^0.2.0"
  checksum: 10c0/41e9f0675b7df603f79bc4a9692eb9d6a1d682774648bc48a833208ab8f2d32bfff2d77f128d92857f488d074a8617f6210f811d848aca66b019da161b2b3a58
  languageName: node
  linkType: hard

"@digitaldefiance/i18n-lib@npm:3.7.5":
  version: 3.7.5
  resolution: "@digitaldefiance/i18n-lib@npm:3.7.5"
  dependencies:
    currency-codes: "npm:^2.2.0"
    moment: "npm:^2.30.1"
    moment-timezone: "npm:^0.6.0"
  checksum: 10c0/df6bad625f7cfc10859ab92987cb3ebb5a9db84bc874579aa7c6e58d04935eec5ffe05dd6fb3d35f4ec5f399ca9075397759fdea053fae48093a1c1e7fa80b4a
  languageName: node
  linkType: hard

"@digitaldefiance/suite-core-lib@workspace:.":
  version: 0.0.0-use.local
  resolution: "@digitaldefiance/suite-core-lib@workspace:."
  dependencies:
    "@digitaldefiance/ecies-lib": "npm:4.2.7"
    "@digitaldefiance/i18n-lib": "npm:3.7.5"
  languageName: unknown
  linkType: soft

"@ethereumjs/rlp@npm:^10.0.0":
  version: 10.0.0
  resolution: "@ethereumjs/rlp@npm:10.0.0"
  bin:
    rlp: bin/rlp.cjs
  checksum: 10c0/a414ea191ed42a12982f962149384e8294c57f7f4a026b288d4578ab4a797142c219438a200ced58977c0fbc1a7f47b4b61b3398178894ad7cbaa138bdcc78c5
  languageName: node
  linkType: hard

"@ethereumjs/util@npm:^10.0.0":
  version: 10.0.0
  resolution: "@ethereumjs/util@npm:10.0.0"
  dependencies:
    "@ethereumjs/rlp": "npm:^10.0.0"
    ethereum-cryptography: "npm:^3.2.0"
  checksum: 10c0/1362c9a8cb05c474eaa563f8dc519709138e75fc7e3a6293894f803ff89934d8a3bc785c7798106c796ad7a160f7ad82fc8b06b2e993781e97d87eab51c47765
  languageName: node
  linkType: hard

"@ethereumjs/wallet@npm:^10.0.0":
  version: 10.0.0
  resolution: "@ethereumjs/wallet@npm:10.0.0"
  dependencies:
    "@ethereumjs/util": "npm:^10.0.0"
    "@scure/base": "npm:^1.2.4"
    ethereum-cryptography: "npm:^3.2.0"
    js-md5: "npm:^0.8.3"
    uuid: "npm:^11.1.0"
  checksum: 10c0/3ff2807437b1ab57137983ebb641adcc8745775ad7be46d9c658f7bc526a99cd56deee2e06a2718ba028029300791c6fedb93dffbcb7462bbc24fb50f75c1e31
  languageName: node
  linkType: hard

"@noble/ciphers@npm:1.3.0":
  version: 1.3.0
  resolution: "@noble/ciphers@npm:1.3.0"
  checksum: 10c0/3ba6da645ce45e2f35e3b2e5c87ceba86b21dfa62b9466ede9edfb397f8116dae284f06652c0cd81d99445a2262b606632e868103d54ecc99fd946ae1af8cd37
  languageName: node
  linkType: hard

"@noble/curves@npm:1.9.0":
  version: 1.9.0
  resolution: "@noble/curves@npm:1.9.0"
  dependencies:
    "@noble/hashes": "npm:1.8.0"
  checksum: 10c0/a76d57444b4d136f43363eb19229d990df15a00fb0e2efbf08a7a4cbaee655f73e46eb29b6ad07b8749be5f7b890c0a7a06a19f4324a4b149b06b3da1def8593
  languageName: node
  linkType: hard

"@noble/curves@npm:2.0.0":
  version: 2.0.0
  resolution: "@noble/curves@npm:2.0.0"
  dependencies:
    "@noble/hashes": "npm:2.0.0"
  checksum: 10c0/d87ef4d6337441a7a29fa81a68d0cbfaf6d7fa3752e3a17e4109cf4e407a82d573eec6c84108db801e09d851547cbf8d0f4db28517d47ca79184f2d7a1f49d8e
  languageName: node
  linkType: hard

"@noble/curves@npm:^2.0.1":
  version: 2.0.1
  resolution: "@noble/curves@npm:2.0.1"
  dependencies:
    "@noble/hashes": "npm:2.0.1"
  checksum: 10c0/e0b329eb9229e862d3b7203e0444bd479e9ecf2d5990181908dad416aab69106717ca696fc7b12ad0eb19d710f58c454646b27ce517a4298ab9abc89a9bdb6ee
  languageName: node
  linkType: hard

"@noble/curves@npm:~1.9.0":
  version: 1.9.7
  resolution: "@noble/curves@npm:1.9.7"
  dependencies:
    "@noble/hashes": "npm:1.8.0"
  checksum: 10c0/150014751ebe8ca06a8654ca2525108452ea9ee0be23430332769f06808cddabfe84f248b6dbf836916bc869c27c2092957eec62c7506d68a1ed0a624017c2a3
  languageName: node
  linkType: hard

"@noble/hashes@npm:1.8.0, @noble/hashes@npm:~1.8.0":
  version: 1.8.0
  resolution: "@noble/hashes@npm:1.8.0"
  checksum: 10c0/06a0b52c81a6fa7f04d67762e08b2c476a00285858150caeaaff4037356dd5e119f45b2a530f638b77a5eeca013168ec1b655db41bae3236cb2e9d511484fc77
  languageName: node
  linkType: hard

"@noble/hashes@npm:2.0.0":
  version: 2.0.0
  resolution: "@noble/hashes@npm:2.0.0"
  checksum: 10c0/4c619df392164ea8655c630e753e791e1afb5f38cb746463d36509f684a197c3c653858b6a78135a0b54c80270a66f28003d5999ec1ad06cec0d658bf720a03f
  languageName: node
  linkType: hard

"@noble/hashes@npm:2.0.1, @noble/hashes@npm:^2.0.1":
  version: 2.0.1
  resolution: "@noble/hashes@npm:2.0.1"
  checksum: 10c0/e81769ce21c3b1c80141a3b99bd001f17edea09879aa936692ae39525477386d696101cd573928a304806efb2b9fa751e1dd83241c67d0c84d30091e85c79bdb
  languageName: node
  linkType: hard

"@scure/base@npm:2.0.0":
  version: 2.0.0
  resolution: "@scure/base@npm:2.0.0"
  checksum: 10c0/7d999c7bebf053bb49cb706fdc6c5366737cff0f7f7518f52d32d7f7ad7b898904f03673648a2af5c4f22396f5c05f1d8bddbf010d6595052d07ba8163d506ad
  languageName: node
  linkType: hard

"@scure/base@npm:^1.2.4, @scure/base@npm:~1.2.5":
  version: 1.2.6
  resolution: "@scure/base@npm:1.2.6"
  checksum: 10c0/49bd5293371c4e062cb6ba689c8fe3ea3981b7bb9c000400dc4eafa29f56814cdcdd27c04311c2fec34de26bc373c593a1d6ca6d754398a488d587943b7c128a
  languageName: node
  linkType: hard

"@scure/bip32@npm:1.7.0":
  version: 1.7.0
  resolution: "@scure/bip32@npm:1.7.0"
  dependencies:
    "@noble/curves": "npm:~1.9.0"
    "@noble/hashes": "npm:~1.8.0"
    "@scure/base": "npm:~1.2.5"
  checksum: 10c0/e3d4c1f207df16abcd79babcdb74d36f89bdafc90bf02218a5140cc5cba25821d80d42957c6705f35210cc5769714ea9501d4ae34732cdd1c26c9ff182a219f7
  languageName: node
  linkType: hard

"@scure/bip32@npm:^2.0.0":
  version: 2.0.0
  resolution: "@scure/bip32@npm:2.0.0"
  dependencies:
    "@noble/curves": "npm:2.0.0"
    "@noble/hashes": "npm:2.0.0"
    "@scure/base": "npm:2.0.0"
  checksum: 10c0/f4d8e31518bb17caa31ca301860f944a802af31bd12cc1a3be89cf9b790c588abdebd418c89a124a8c0eb140f7dab9c6cfd4fb38ccf7f01818b4bbf08f1bc8bc
  languageName: node
  linkType: hard

"@scure/bip39@npm:1.6.0":
  version: 1.6.0
  resolution: "@scure/bip39@npm:1.6.0"
  dependencies:
    "@noble/hashes": "npm:~1.8.0"
    "@scure/base": "npm:~1.2.5"
  checksum: 10c0/73a54b5566a50a3f8348a5cfd74d2092efeefc485efbed83d7a7374ffd9a75defddf446e8e5ea0385e4adb49a94b8ae83c5bad3e16333af400e932f7da3aaff8
  languageName: node
  linkType: hard

"bson@npm:^6.10.4":
  version: 6.10.4
  resolution: "bson@npm:6.10.4"
  checksum: 10c0/6c6819ce642516901349f42c5d9d131d5a4e84352a3859c814d4abf6b2b9249e3685b57fc4cf7b5737fb5c71252f65900a41826c1429815a93e43f0f5bb3c173
  languageName: node
  linkType: hard

"currency-codes@npm:^2.2.0":
  version: 2.2.0
  resolution: "currency-codes@npm:2.2.0"
  dependencies:
    first-match: "npm:~0.0.1"
    nub: "npm:~0.0.0"
  checksum: 10c0/1abc8b08a6be6173ac768c3f076448771ce5f707248160983f2d17df5ea6b8ade74e89623e75fd86a0de7ee8c7e7d945602d29404067b23806c80d78c5b5f8ff
  languageName: node
  linkType: hard

"ethereum-cryptography@npm:^3.2.0":
  version: 3.2.0
  resolution: "ethereum-cryptography@npm:3.2.0"
  dependencies:
    "@noble/ciphers": "npm:1.3.0"
    "@noble/curves": "npm:1.9.0"
    "@noble/hashes": "npm:1.8.0"
    "@scure/bip32": "npm:1.7.0"
    "@scure/bip39": "npm:1.6.0"
  checksum: 10c0/55e9d7378f6660045a5f0f659eab2d92b232f4288b8415ed243f23c5b65ee1ad868124b20bb4a7c45d99b212316f746423b0cf4cac946590e5ae91a4ac45d7b0
  languageName: node
  linkType: hard

"first-match@npm:~0.0.1":
  version: 0.0.1
  resolution: "first-match@npm:0.0.1"
  checksum: 10c0/1639a2ba8cab9b1e5c2c91120b0c5090124ed25326422162de583dcdda103294cb33c271b19c5d7ac4e48c9ad1d134dd108de76a5b840823d767b5c84afab915
  languageName: node
  linkType: hard

"js-md5@npm:^0.8.3":
  version: 0.8.3
  resolution: "js-md5@npm:0.8.3"
  checksum: 10c0/f7e41e95f8e5eb5eeb43085bec3832ae3dfe0020c42fcca5a4efe571213391a9e9594db31bd34624b7280af4f1f12c751b6a50074a15346ecf40a0d54115d77f
  languageName: node
  linkType: hard

"moment-timezone@npm:^0.6.0":
  version: 0.6.0
  resolution: "moment-timezone@npm:0.6.0"
  dependencies:
    moment: "npm:^2.29.4"
  checksum: 10c0/16164cf321d8be0bf7d43855286b426c94c8200e0634f2e42cf469f591c6a230ac43f37d3826d76b05ac221f69a571400323fb8625e3d4e8669f4d9ab00fe779
  languageName: node
  linkType: hard

"moment@npm:^2.29.4, moment@npm:^2.30.1":
  version: 2.30.1
  resolution: "moment@npm:2.30.1"
  checksum: 10c0/865e4279418c6de666fca7786607705fd0189d8a7b7624e2e56be99290ac846f90878a6f602e34b4e0455c549b85385b1baf9966845962b313699e7cb847543a
  languageName: node
  linkType: hard

"nub@npm:~0.0.0":
  version: 0.0.0
  resolution: "nub@npm:0.0.0"
  checksum: 10c0/25f3c6612378d79a468b12b143325a4c25c331c2f26b3b4ef940950c016781687301956262709491d1d805d55e7b3e1cf82f5b18f475d0533266484c09db5c6c
  languageName: node
  linkType: hard

"ts-brand@npm:^0.2.0":
  version: 0.2.0
  resolution: "ts-brand@npm:0.2.0"
  checksum: 10c0/f568af7c613ab24c0e8e362959c9df249e37477b63a143785e8ea378b6c6a2fcfad1ff286af874f02a1692f18157fb289e5fc6ae3a4b069a253eaf4fc5b4ed6d
  languageName: node
  linkType: hard

"uuid@npm:^11.1.0":
  version: 11.1.0
  resolution: "uuid@npm:11.1.0"
  bin:
    uuid: dist/esm/bin/uuid
  checksum: 10c0/34aa51b9874ae398c2b799c88a127701408cd581ee89ec3baa53509dd8728cbb25826f2a038f9465f8b7be446f0fbf11558862965b18d21c993684297628d4d3
  languageName: node
  linkType: hard
